// !$*UTF8*$!
{
	archiveVersion = 1;
	classes = {
	};
	objectVersion = 56;
	objects = {

/* Begin PBXBuildFile section */
		1CB4C9C6295E26DB00414E41 /* 4-TheEmperor.swift in Sources */ = {isa = PBXBuildFile; fileRef = 1CB4C9C5295E26DB00414E41 /* 4-TheEmperor.swift */; };
		1CB4C9C8295E27F700414E41 /* 5-TheHierophant.swift in Sources */ = {isa = PBXBuildFile; fileRef = 1CB4C9C7295E27F700414E41 /* 5-TheHierophant.swift */; };
		1CB4C9CA295E282A00414E41 /* 6-TheLovers.swift in Sources */ = {isa = PBXBuildFile; fileRef = 1CB4C9C9295E282A00414E41 /* 6-TheLovers.swift */; };
		1CB4C9CC295E285A00414E41 /* 7-TheChariot.swift in Sources */ = {isa = PBXBuildFile; fileRef = 1CB4C9CB295E285A00414E41 /* 7-TheChariot.swift */; };
		1CB4C9CE295E28A900414E41 /* 8-Strenght.swift in Sources */ = {isa = PBXBuildFile; fileRef = 1CB4C9CD295E28A900414E41 /* 8-Strenght.swift */; };
		1CB4C9D0295E28E600414E41 /* 9-TheHermit.swift in Sources */ = {isa = PBXBuildFile; fileRef = 1CB4C9CF295E28E600414E41 /* 9-TheHermit.swift */; };
		1CB4C9D3295E294600414E41 /* 10-WheelOfFortune.swift in Sources */ = {isa = PBXBuildFile; fileRef = 1CB4C9D2295E294600414E41 /* 10-WheelOfFortune.swift */; };
		1CB4C9D5295E2A4D00414E41 /* 11-TheJustice.swift in Sources */ = {isa = PBXBuildFile; fileRef = 1CB4C9D4295E2A4D00414E41 /* 11-TheJustice.swift */; };
		1CB4C9D7295E2C3E00414E41 /* 12-TheHangedMan.swift in Sources */ = {isa = PBXBuildFile; fileRef = 1CB4C9D6295E2C3E00414E41 /* 12-TheHangedMan.swift */; };
		1CF7299E29183F9F009DD9AF /* TaroterSDK.docc in Sources */ = {isa = PBXBuildFile; fileRef = 1CF7299D29183F9F009DD9AF /* TaroterSDK.docc */; };
		1CF729A429183FA0009DD9AF /* TaroterSDK.framework in Frameworks */ = {isa = PBXBuildFile; fileRef = 1CF7299929183F9F009DD9AF /* TaroterSDK.framework */; };
		1CF729A929183FA0009DD9AF /* TaroterSDKTests.swift in Sources */ = {isa = PBXBuildFile; fileRef = 1CF729A829183FA0009DD9AF /* TaroterSDKTests.swift */; };
		1CF729AA29183FA0009DD9AF /* TaroterSDK.h in Headers */ = {isa = PBXBuildFile; fileRef = 1CF7299C29183F9F009DD9AF /* TaroterSDK.h */; settings = {ATTRIBUTES = (Public, ); }; };
		1CF729C8291840EC009DD9AF /* TarotCards.swift in Sources */ = {isa = PBXBuildFile; fileRef = 1CF729C7291840EC009DD9AF /* TarotCards.swift */; };
		1CF729CA291843A9009DD9AF /* Arcana.swift in Sources */ = {isa = PBXBuildFile; fileRef = 1CF729C9291843A9009DD9AF /* Arcana.swift */; };
		1CF729CD291844EA009DD9AF /* 0-TheFool.swift in Sources */ = {isa = PBXBuildFile; fileRef = 1CF729CC291844EA009DD9AF /* 0-TheFool.swift */; };
		1CF729D029184559009DD9AF /* TarotCard.swift in Sources */ = {isa = PBXBuildFile; fileRef = 1CF729CF29184559009DD9AF /* TarotCard.swift */; };
		1CF729D229184619009DD9AF /* 1-TheMagician.swift in Sources */ = {isa = PBXBuildFile; fileRef = 1CF729D129184619009DD9AF /* 1-TheMagician.swift */; };
		1CF729D6291846F9009DD9AF /* 2-TheHighPriestess.swift in Sources */ = {isa = PBXBuildFile; fileRef = 1CF729D5291846F9009DD9AF /* 2-TheHighPriestess.swift */; };
		1CF729D829184730009DD9AF /* 3-TheEmpress.swift in Sources */ = {isa = PBXBuildFile; fileRef = 1CF729D729184730009DD9AF /* 3-TheEmpress.swift */; };
/* End PBXBuildFile section */

/* Begin PBXContainerItemProxy section */
		1CF729A529183FA0009DD9AF /* PBXContainerItemProxy */ = {
			isa = PBXContainerItemProxy;
			containerPortal = 1CF7299029183F9F009DD9AF /* Project object */;
			proxyType = 1;
			remoteGlobalIDString = 1CF7299829183F9F009DD9AF;
			remoteInfo = TaroterSDK;
		};
/* End PBXContainerItemProxy section */

/* Begin PBXFileReference section */
		1CB4C9C5295E26DB00414E41 /* 4-TheEmperor.swift */ = {isa = PBXFileReference; lastKnownFileType = sourcecode.swift; path = "4-TheEmperor.swift"; sourceTree = "<group>"; };
		1CB4C9C7295E27F700414E41 /* 5-TheHierophant.swift */ = {isa = PBXFileReference; lastKnownFileType = sourcecode.swift; path = "5-TheHierophant.swift"; sourceTree = "<group>"; };
		1CB4C9C9295E282A00414E41 /* 6-TheLovers.swift */ = {isa = PBXFileReference; lastKnownFileType = sourcecode.swift; path = "6-TheLovers.swift"; sourceTree = "<group>"; };
		1CB4C9CB295E285A00414E41 /* 7-TheChariot.swift */ = {isa = PBXFileReference; lastKnownFileType = sourcecode.swift; path = "7-TheChariot.swift"; sourceTree = "<group>"; };
		1CB4C9CD295E28A900414E41 /* 8-Strenght.swift */ = {isa = PBXFileReference; lastKnownFileType = sourcecode.swift; path = "8-Strenght.swift"; sourceTree = "<group>"; };
		1CB4C9CF295E28E600414E41 /* 9-TheHermit.swift */ = {isa = PBXFileReference; lastKnownFileType = sourcecode.swift; path = "9-TheHermit.swift"; sourceTree = "<group>"; };
		1CB4C9D2295E294600414E41 /* 10-WheelOfFortune.swift */ = {isa = PBXFileReference; lastKnownFileType = sourcecode.swift; path = "10-WheelOfFortune.swift"; sourceTree = "<group>"; };
		1CB4C9D4295E2A4D00414E41 /* 11-TheJustice.swift */ = {isa = PBXFileReference; lastKnownFileType = sourcecode.swift; path = "11-TheJustice.swift"; sourceTree = "<group>"; };
		1CB4C9D6295E2C3E00414E41 /* 12-TheHangedMan.swift */ = {isa = PBXFileReference; lastKnownFileType = sourcecode.swift; path = "12-TheHangedMan.swift"; sourceTree = "<group>"; };
		1CF7299929183F9F009DD9AF /* TaroterSDK.framework */ = {isa = PBXFileReference; explicitFileType = wrapper.framework; includeInIndex = 0; path = TaroterSDK.framework; sourceTree = BUILT_PRODUCTS_DIR; };
		1CF7299C29183F9F009DD9AF /* TaroterSDK.h */ = {isa = PBXFileReference; lastKnownFileType = sourcecode.c.h; path = TaroterSDK.h; sourceTree = "<group>"; };
		1CF7299D29183F9F009DD9AF /* TaroterSDK.docc */ = {isa = PBXFileReference; lastKnownFileType = folder.documentationcatalog; path = TaroterSDK.docc; sourceTree = "<group>"; };
		1CF729A329183FA0009DD9AF /* TaroterSDKTests.xctest */ = {isa = PBXFileReference; explicitFileType = wrapper.cfbundle; includeInIndex = 0; path = TaroterSDKTests.xctest; sourceTree = BUILT_PRODUCTS_DIR; };
		1CF729A829183FA0009DD9AF /* TaroterSDKTests.swift */ = {isa = PBXFileReference; lastKnownFileType = sourcecode.swift; path = TaroterSDKTests.swift; sourceTree = "<group>"; };
		1CF729C7291840EC009DD9AF /* TarotCards.swift */ = {isa = PBXFileReference; lastKnownFileType = sourcecode.swift; path = TarotCards.swift; sourceTree = "<group>"; };
		1CF729C9291843A9009DD9AF /* Arcana.swift */ = {isa = PBXFileReference; lastKnownFileType = sourcecode.swift; path = Arcana.swift; sourceTree = "<group>"; };
		1CF729CC291844EA009DD9AF /* 0-TheFool.swift */ = {isa = PBXFileReference; lastKnownFileType = sourcecode.swift; path = "0-TheFool.swift"; sourceTree = "<group>"; };
		1CF729CF29184559009DD9AF /* TarotCard.swift */ = {isa = PBXFileReference; lastKnownFileType = sourcecode.swift; path = TarotCard.swift; sourceTree = "<group>"; };
		1CF729D129184619009DD9AF /* 1-TheMagician.swift */ = {isa = PBXFileReference; lastKnownFileType = sourcecode.swift; path = "1-TheMagician.swift"; sourceTree = "<group>"; };
		1CF729D5291846F9009DD9AF /* 2-TheHighPriestess.swift */ = {isa = PBXFileReference; lastKnownFileType = sourcecode.swift; path = "2-TheHighPriestess.swift"; sourceTree = "<group>"; };
		1CF729D729184730009DD9AF /* 3-TheEmpress.swift */ = {isa = PBXFileReference; lastKnownFileType = sourcecode.swift; path = "3-TheEmpress.swift"; sourceTree = "<group>"; };
/* End PBXFileReference section */

/* Begin PBXFrameworksBuildPhase section */
		1CF7299629183F9F009DD9AF /* Frameworks */ = {
			isa = PBXFrameworksBuildPhase;
			buildActionMask = 2147483647;
			files = (
			);
			runOnlyForDeploymentPostprocessing = 0;
		};
		1CF729A029183FA0009DD9AF /* Frameworks */ = {
			isa = PBXFrameworksBuildPhase;
			buildActionMask = 2147483647;
			files = (
				1CF729A429183FA0009DD9AF /* TaroterSDK.framework in Frameworks */,
			);
			runOnlyForDeploymentPostprocessing = 0;
		};
/* End PBXFrameworksBuildPhase section */

/* Begin PBXGroup section */
		1CB4C9D1295E28F200414E41 /* Major Arcana */ = {
			isa = PBXGroup;
			children = (
				1CF729CC291844EA009DD9AF /* 0-TheFool.swift */,
				1CF729D129184619009DD9AF /* 1-TheMagician.swift */,
				1CF729D5291846F9009DD9AF /* 2-TheHighPriestess.swift */,
				1CF729D729184730009DD9AF /* 3-TheEmpress.swift */,
				1CB4C9C5295E26DB00414E41 /* 4-TheEmperor.swift */,
				1CB4C9C7295E27F700414E41 /* 5-TheHierophant.swift */,
				1CB4C9C9295E282A00414E41 /* 6-TheLovers.swift */,
				1CB4C9CB295E285A00414E41 /* 7-TheChariot.swift */,
				1CB4C9CD295E28A900414E41 /* 8-Strenght.swift */,
				1CB4C9CF295E28E600414E41 /* 9-TheHermit.swift */,
				1CB4C9D2295E294600414E41 /* 10-WheelOfFortune.swift */,
				1CB4C9D4295E2A4D00414E41 /* 11-TheJustice.swift */,
				1CB4C9D6295E2C3E00414E41 /* 12-TheHangedMan.swift */,
			);
			path = "Major Arcana";
			sourceTree = "<group>";
		};
		1CF7298F29183F9F009DD9AF = {
			isa = PBXGroup;
			children = (
				1CF7299B29183F9F009DD9AF /* TaroterSDK */,
				1CF7299A29183F9F009DD9AF /* Products */,
			);
			sourceTree = "<group>";
		};
		1CF7299A29183F9F009DD9AF /* Products */ = {
			isa = PBXGroup;
			children = (
				1CF7299929183F9F009DD9AF /* TaroterSDK.framework */,
				1CF729A329183FA0009DD9AF /* TaroterSDKTests.xctest */,
			);
			name = Products;
			sourceTree = "<group>";
		};
		1CF7299B29183F9F009DD9AF /* TaroterSDK */ = {
			isa = PBXGroup;
			children = (
				1CF729C6291840A0009DD9AF /* Source Files */,
				1CF7299C29183F9F009DD9AF /* TaroterSDK.h */,
				1CF7299D29183F9F009DD9AF /* TaroterSDK.docc */,
				1CF729A729183FA0009DD9AF /* TaroterSDKTests */,
			);
			path = TaroterSDK;
			sourceTree = "<group>";
		};
		1CF729A729183FA0009DD9AF /* TaroterSDKTests */ = {
			isa = PBXGroup;
			children = (
				1CF729A829183FA0009DD9AF /* TaroterSDKTests.swift */,
			);
			path = TaroterSDKTests;
			sourceTree = "<group>";
		};
		1CF729C529184099009DD9AF /* Models */ = {
			isa = PBXGroup;
			children = (
				1CF729CB291844C5009DD9AF /* Cards */,
				1CF729C7291840EC009DD9AF /* TarotCards.swift */,
				1CF729C9291843A9009DD9AF /* Arcana.swift */,
			);
			path = Models;
			sourceTree = "<group>";
		};
		1CF729C6291840A0009DD9AF /* Source Files */ = {
			isa = PBXGroup;
			children = (
				1CF729CE29184550009DD9AF /* Protocols */,
				1CF729C529184099009DD9AF /* Models */,
			);
			path = "Source Files";
			sourceTree = "<group>";
		};
		1CF729CB291844C5009DD9AF /* Cards */ = {
			isa = PBXGroup;
			children = (
				1CB4C9D1295E28F200414E41 /* Major Arcana */,
			);
			path = Cards;
			sourceTree = "<group>";
		};
		1CF729CE29184550009DD9AF /* Protocols */ = {
			isa = PBXGroup;
			children = (
				1CF729CF29184559009DD9AF /* TarotCard.swift */,
			);
			path = Protocols;
			sourceTree = "<group>";
		};
/* End PBXGroup section */

/* Begin PBXHeadersBuildPhase section */
		1CF7299429183F9F009DD9AF /* Headers */ = {
			isa = PBXHeadersBuildPhase;
			buildActionMask = 2147483647;
			files = (
				1CF729AA29183FA0009DD9AF /* TaroterSDK.h in Headers */,
			);
			runOnlyForDeploymentPostprocessing = 0;
		};
/* End PBXHeadersBuildPhase section */

/* Begin PBXNativeTarget section */
		1CF7299829183F9F009DD9AF /* TaroterSDK */ = {
			isa = PBXNativeTarget;
			buildConfigurationList = 1CF729AD29183FA0009DD9AF /* Build configuration list for PBXNativeTarget "TaroterSDK" */;
			buildPhases = (
				1CF7299429183F9F009DD9AF /* Headers */,
				1CF7299529183F9F009DD9AF /* Sources */,
				1CF7299629183F9F009DD9AF /* Frameworks */,
				1CF7299729183F9F009DD9AF /* Resources */,
			);
			buildRules = (
			);
			dependencies = (
			);
			name = TaroterSDK;
			productName = TaroterSDK;
			productReference = 1CF7299929183F9F009DD9AF /* TaroterSDK.framework */;
			productType = "com.apple.product-type.framework";
		};
		1CF729A229183FA0009DD9AF /* TaroterSDKTests */ = {
			isa = PBXNativeTarget;
			buildConfigurationList = 1CF729B029183FA0009DD9AF /* Build configuration list for PBXNativeTarget "TaroterSDKTests" */;
			buildPhases = (
				1CF7299F29183FA0009DD9AF /* Sources */,
				1CF729A029183FA0009DD9AF /* Frameworks */,
				1CF729A129183FA0009DD9AF /* Resources */,
			);
			buildRules = (
			);
			dependencies = (
				1CF729A629183FA0009DD9AF /* PBXTargetDependency */,
			);
			name = TaroterSDKTests;
			productName = TaroterSDKTests;
			productReference = 1CF729A329183FA0009DD9AF /* TaroterSDKTests.xctest */;
			productType = "com.apple.product-type.bundle.unit-test";
		};
/* End PBXNativeTarget section */

/* Begin PBXProject section */
		1CF7299029183F9F009DD9AF /* Project object */ = {
			isa = PBXProject;
			attributes = {
				BuildIndependentTargetsInParallel = 1;
				LastSwiftUpdateCheck = 1410;
				LastUpgradeCheck = 1410;
				TargetAttributes = {
					1CF7299829183F9F009DD9AF = {
						CreatedOnToolsVersion = 14.1;
					};
					1CF729A229183FA0009DD9AF = {
						CreatedOnToolsVersion = 14.1;
					};
				};
			};
			buildConfigurationList = 1CF7299329183F9F009DD9AF /* Build configuration list for PBXProject "TaroterSDK" */;
			compatibilityVersion = "Xcode 14.0";
			developmentRegion = en;
			hasScannedForEncodings = 0;
			knownRegions = (
				en,
				Base,
			);
			mainGroup = 1CF7298F29183F9F009DD9AF;
			productRefGroup = 1CF7299A29183F9F009DD9AF /* Products */;
			projectDirPath = "";
			projectRoot = "";
			targets = (
				1CF7299829183F9F009DD9AF /* TaroterSDK */,
				1CF729A229183FA0009DD9AF /* TaroterSDKTests */,
			);
		};
/* End PBXProject section */

/* Begin PBXResourcesBuildPhase section */
		1CF7299729183F9F009DD9AF /* Resources */ = {
			isa = PBXResourcesBuildPhase;
			buildActionMask = 2147483647;
			files = (
			);
			runOnlyForDeploymentPostprocessing = 0;
		};
		1CF729A129183FA0009DD9AF /* Resources */ = {
			isa = PBXResourcesBuildPhase;
			buildActionMask = 2147483647;
			files = (
			);
			runOnlyForDeploymentPostprocessing = 0;
		};
/* End PBXResourcesBuildPhase section */

/* Begin PBXSourcesBuildPhase section */
		1CF7299529183F9F009DD9AF /* Sources */ = {
			isa = PBXSourcesBuildPhase;
			buildActionMask = 2147483647;
			files = (
				1CF729CD291844EA009DD9AF /* 0-TheFool.swift in Sources */,
				1CF729C8291840EC009DD9AF /* TarotCards.swift in Sources */,
				1CB4C9D0295E28E600414E41 /* 9-TheHermit.swift in Sources */,
				1CB4C9CA295E282A00414E41 /* 6-TheLovers.swift in Sources */,
				1CB4C9C6295E26DB00414E41 /* 4-TheEmperor.swift in Sources */,
				1CB4C9D5295E2A4D00414E41 /* 11-TheJustice.swift in Sources */,
				1CB4C9CC295E285A00414E41 /* 7-TheChariot.swift in Sources */,
				1CB4C9C8295E27F700414E41 /* 5-TheHierophant.swift in Sources */,
				1CF729D229184619009DD9AF /* 1-TheMagician.swift in Sources */,
				1CB4C9D3295E294600414E41 /* 10-WheelOfFortune.swift in Sources */,
				1CB4C9D7295E2C3E00414E41 /* 12-TheHangedMan.swift in Sources */,
				1CF729D829184730009DD9AF /* 3-TheEmpress.swift in Sources */,
				1CF729D6291846F9009DD9AF /* 2-TheHighPriestess.swift in Sources */,
				1CB4C9CE295E28A900414E41 /* 8-Strenght.swift in Sources */,
				1CF7299E29183F9F009DD9AF /* TaroterSDK.docc in Sources */,
				1CF729CA291843A9009DD9AF /* Arcana.swift in Sources */,
				1CF729D029184559009DD9AF /* TarotCard.swift in Sources */,
			);
			runOnlyForDeploymentPostprocessing = 0;
		};
		1CF7299F29183FA0009DD9AF /* Sources */ = {
			isa = PBXSourcesBuildPhase;
			buildActionMask = 2147483647;
			files = (
				1CF729A929183FA0009DD9AF /* TaroterSDKTests.swift in Sources */,
			);
			runOnlyForDeploymentPostprocessing = 0;
		};
/* End PBXSourcesBuildPhase section */

/* Begin PBXTargetDependency section */
		1CF729A629183FA0009DD9AF /* PBXTargetDependency */ = {
			isa = PBXTargetDependency;
			target = 1CF7299829183F9F009DD9AF /* TaroterSDK */;
			targetProxy = 1CF729A529183FA0009DD9AF /* PBXContainerItemProxy */;
		};
/* End PBXTargetDependency section */

/* Begin XCBuildConfiguration section */
		1CF729AB29183FA0009DD9AF /* Debug */ = {
			isa = XCBuildConfiguration;
			buildSettings = {
				ALWAYS_SEARCH_USER_PATHS = NO;
				BUILD_LIBRARY_FOR_DISTRIBUTION = YES;
				CLANG_ANALYZER_NONNULL = YES;
				CLANG_ANALYZER_NUMBER_OBJECT_CONVERSION = YES_AGGRESSIVE;
				CLANG_CXX_LANGUAGE_STANDARD = "gnu++20";
				CLANG_ENABLE_MODULES = YES;
				CLANG_ENABLE_OBJC_ARC = YES;
				CLANG_ENABLE_OBJC_WEAK = YES;
				CLANG_WARN_BLOCK_CAPTURE_AUTORELEASING = YES;
				CLANG_WARN_BOOL_CONVERSION = YES;
				CLANG_WARN_COMMA = YES;
				CLANG_WARN_CONSTANT_CONVERSION = YES;
				CLANG_WARN_DEPRECATED_OBJC_IMPLEMENTATIONS = YES;
				CLANG_WARN_DIRECT_OBJC_ISA_USAGE = YES_ERROR;
				CLANG_WARN_DOCUMENTATION_COMMENTS = YES;
				CLANG_WARN_EMPTY_BODY = YES;
				CLANG_WARN_ENUM_CONVERSION = YES;
				CLANG_WARN_INFINITE_RECURSION = YES;
				CLANG_WARN_INT_CONVERSION = YES;
				CLANG_WARN_NON_LITERAL_NULL_CONVERSION = YES;
				CLANG_WARN_OBJC_IMPLICIT_RETAIN_SELF = YES;
				CLANG_WARN_OBJC_LITERAL_CONVERSION = YES;
				CLANG_WARN_OBJC_ROOT_CLASS = YES_ERROR;
				CLANG_WARN_QUOTED_INCLUDE_IN_FRAMEWORK_HEADER = YES;
				CLANG_WARN_RANGE_LOOP_ANALYSIS = YES;
				CLANG_WARN_STRICT_PROTOTYPES = YES;
				CLANG_WARN_SUSPICIOUS_MOVE = YES;
				CLANG_WARN_UNGUARDED_AVAILABILITY = YES_AGGRESSIVE;
				CLANG_WARN_UNREACHABLE_CODE = YES;
				CLANG_WARN__DUPLICATE_METHOD_MATCH = YES;
				COPY_PHASE_STRIP = NO;
				CURRENT_PROJECT_VERSION = 1;
				DEBUG_INFORMATION_FORMAT = dwarf;
				ENABLE_STRICT_OBJC_MSGSEND = YES;
				ENABLE_TESTABILITY = YES;
				GCC_C_LANGUAGE_STANDARD = gnu11;
				GCC_DYNAMIC_NO_PIC = NO;
				GCC_NO_COMMON_BLOCKS = YES;
				GCC_OPTIMIZATION_LEVEL = 0;
				GCC_PREPROCESSOR_DEFINITIONS = (
					"DEBUG=1",
					"$(inherited)",
				);
				GCC_WARN_64_TO_32_BIT_CONVERSION = YES;
				GCC_WARN_ABOUT_RETURN_TYPE = YES_ERROR;
				GCC_WARN_UNDECLARED_SELECTOR = YES;
				GCC_WARN_UNINITIALIZED_AUTOS = YES_AGGRESSIVE;
				GCC_WARN_UNUSED_FUNCTION = YES;
				GCC_WARN_UNUSED_VARIABLE = YES;
				IPHONEOS_DEPLOYMENT_TARGET = 15.0;
				MTL_ENABLE_DEBUG_INFO = INCLUDE_SOURCE;
				MTL_FAST_MATH = YES;
				ONLY_ACTIVE_ARCH = YES;
				SDKROOT = iphoneos;
				SWIFT_ACTIVE_COMPILATION_CONDITIONS = DEBUG;
				SWIFT_OPTIMIZATION_LEVEL = "-Onone";
				VERSIONING_SYSTEM = "apple-generic";
				VERSION_INFO_PREFIX = "";
			};
			name = Debug;
		};
		1CF729AC29183FA0009DD9AF /* Release */ = {
			isa = XCBuildConfiguration;
			buildSettings = {
				ALWAYS_SEARCH_USER_PATHS = NO;
				BUILD_LIBRARY_FOR_DISTRIBUTION = YES;
				CLANG_ANALYZER_NONNULL = YES;
				CLANG_ANALYZER_NUMBER_OBJECT_CONVERSION = YES_AGGRESSIVE;
				CLANG_CXX_LANGUAGE_STANDARD = "gnu++20";
				CLANG_ENABLE_MODULES = YES;
				CLANG_ENABLE_OBJC_ARC = YES;
				CLANG_ENABLE_OBJC_WEAK = YES;
				CLANG_WARN_BLOCK_CAPTURE_AUTORELEASING = YES;
				CLANG_WARN_BOOL_CONVERSION = YES;
				CLANG_WARN_COMMA = YES;
				CLANG_WARN_CONSTANT_CONVERSION = YES;
				CLANG_WARN_DEPRECATED_OBJC_IMPLEMENTATIONS = YES;
				CLANG_WARN_DIRECT_OBJC_ISA_USAGE = YES_ERROR;
				CLANG_WARN_DOCUMENTATION_COMMENTS = YES;
				CLANG_WARN_EMPTY_BODY = YES;
				CLANG_WARN_ENUM_CONVERSION = YES;
				CLANG_WARN_INFINITE_RECURSION = YES;
				CLANG_WARN_INT_CONVERSION = YES;
				CLANG_WARN_NON_LITERAL_NULL_CONVERSION = YES;
				CLANG_WARN_OBJC_IMPLICIT_RETAIN_SELF = YES;
				CLANG_WARN_OBJC_LITERAL_CONVERSION = YES;
				CLANG_WARN_OBJC_ROOT_CLASS = YES_ERROR;
				CLANG_WARN_QUOTED_INCLUDE_IN_FRAMEWORK_HEADER = YES;
				CLANG_WARN_RANGE_LOOP_ANALYSIS = YES;
				CLANG_WARN_STRICT_PROTOTYPES = YES;
				CLANG_WARN_SUSPICIOUS_MOVE = YES;
				CLANG_WARN_UNGUARDED_AVAILABILITY = YES_AGGRESSIVE;
				CLANG_WARN_UNREACHABLE_CODE = YES;
				CLANG_WARN__DUPLICATE_METHOD_MATCH = YES;
				COPY_PHASE_STRIP = NO;
				CURRENT_PROJECT_VERSION = 1;
				DEBUG_INFORMATION_FORMAT = "dwarf-with-dsym";
				ENABLE_NS_ASSERTIONS = NO;
				ENABLE_STRICT_OBJC_MSGSEND = YES;
				GCC_C_LANGUAGE_STANDARD = gnu11;
				GCC_NO_COMMON_BLOCKS = YES;
				GCC_WARN_64_TO_32_BIT_CONVERSION = YES;
				GCC_WARN_ABOUT_RETURN_TYPE = YES_ERROR;
				GCC_WARN_UNDECLARED_SELECTOR = YES;
				GCC_WARN_UNINITIALIZED_AUTOS = YES_AGGRESSIVE;
				GCC_WARN_UNUSED_FUNCTION = YES;
				GCC_WARN_UNUSED_VARIABLE = YES;
				IPHONEOS_DEPLOYMENT_TARGET = 15.0;
				MTL_ENABLE_DEBUG_INFO = NO;
				MTL_FAST_MATH = YES;
				SDKROOT = iphoneos;
				SWIFT_COMPILATION_MODE = wholemodule;
				SWIFT_OPTIMIZATION_LEVEL = "-O";
				VALIDATE_PRODUCT = YES;
				VERSIONING_SYSTEM = "apple-generic";
				VERSION_INFO_PREFIX = "";
			};
			name = Release;
		};
		1CF729AE29183FA0009DD9AF /* Debug */ = {
			isa = XCBuildConfiguration;
			buildSettings = {
				CODE_SIGN_STYLE = Manual;
				CURRENT_PROJECT_VERSION = 1;
				DEFINES_MODULE = YES;
				DEVELOPMENT_TEAM = "";
				DYLIB_COMPATIBILITY_VERSION = 1;
				DYLIB_CURRENT_VERSION = 1;
				DYLIB_INSTALL_NAME_BASE = "@rpath";
				GENERATE_INFOPLIST_FILE = YES;
				INFOPLIST_KEY_NSHumanReadableCopyright = "";
				INSTALL_PATH = "$(LOCAL_LIBRARY_DIR)/Frameworks";
				LD_RUNPATH_SEARCH_PATHS = (
					"$(inherited)",
					"@executable_path/Frameworks",
					"@loader_path/Frameworks",
				);
				MARKETING_VERSION = 1.0;
				PRODUCT_BUNDLE_IDENTIFIER = com.jakubdabrowski.TaroterSDK;
				PRODUCT_NAME = "$(TARGET_NAME:c99extidentifier)";
				PROVISIONING_PROFILE_SPECIFIER = "";
				SKIP_INSTALL = YES;
				SWIFT_EMIT_LOC_STRINGS = YES;
				SWIFT_VERSION = 5.0;
				TARGETED_DEVICE_FAMILY = "1,2";
			};
			name = Debug;
		};
		1CF729AF29183FA0009DD9AF /* Release */ = {
			isa = XCBuildConfiguration;
			buildSettings = {
				CODE_SIGN_STYLE = Manual;
				CURRENT_PROJECT_VERSION = 1;
				DEFINES_MODULE = YES;
				DEVELOPMENT_TEAM = "";
				DYLIB_COMPATIBILITY_VERSION = 1;
				DYLIB_CURRENT_VERSION = 1;
				DYLIB_INSTALL_NAME_BASE = "@rpath";
				GENERATE_INFOPLIST_FILE = YES;
				INFOPLIST_KEY_NSHumanReadableCopyright = "";
				INSTALL_PATH = "$(LOCAL_LIBRARY_DIR)/Frameworks";
				LD_RUNPATH_SEARCH_PATHS = (
					"$(inherited)",
					"@executable_path/Frameworks",
					"@loader_path/Frameworks",
				);
				MARKETING_VERSION = 1.0;
				PRODUCT_BUNDLE_IDENTIFIER = com.jakubdabrowski.TaroterSDK;
				PRODUCT_NAME = "$(TARGET_NAME:c99extidentifier)";
				PROVISIONING_PROFILE_SPECIFIER = "";
				SKIP_INSTALL = YES;
				SWIFT_EMIT_LOC_STRINGS = YES;
				SWIFT_VERSION = 5.0;
				TARGETED_DEVICE_FAMILY = "1,2";
			};
			name = Release;
		};
		1CF729B129183FA0009DD9AF /* Debug */ = {
			isa = XCBuildConfiguration;
			buildSettings = {
				ALWAYS_EMBED_SWIFT_STANDARD_LIBRARIES = YES;
				CODE_SIGN_STYLE = Manual;
				CURRENT_PROJECT_VERSION = 1;
				DEVELOPMENT_TEAM = "";
				GENERATE_INFOPLIST_FILE = YES;
				MARKETING_VERSION = 1.0;
				PRODUCT_BUNDLE_IDENTIFIER = com.jakubdabrowski.TaroterSDKTests;
				PRODUCT_NAME = "$(TARGET_NAME)";
				PROVISIONING_PROFILE_SPECIFIER = "";
				SWIFT_EMIT_LOC_STRINGS = NO;
				SWIFT_VERSION = 5.0;
				TARGETED_DEVICE_FAMILY = "1,2";
			};
			name = Debug;
		};
		1CF729B229183FA0009DD9AF /* Release */ = {
			isa = XCBuildConfiguration;
			buildSettings = {
				ALWAYS_EMBED_SWIFT_STANDARD_LIBRARIES = YES;
				CODE_SIGN_STYLE = Manual;
				CURRENT_PROJECT_VERSION = 1;
				DEVELOPMENT_TEAM = "";
				GENERATE_INFOPLIST_FILE = YES;
				MARKETING_VERSION = 1.0;
				PRODUCT_BUNDLE_IDENTIFIER = com.jakubdabrowski.TaroterSDKTests;
				PRODUCT_NAME = "$(TARGET_NAME)";
				PROVISIONING_PROFILE_SPECIFIER = "";
				SWIFT_EMIT_LOC_STRINGS = NO;
				SWIFT_VERSION = 5.0;
				TARGETED_DEVICE_FAMILY = "1,2";
			};
			name = Release;
		};
/* End XCBuildConfiguration section */

/* Begin XCConfigurationList section */
		1CF7299329183F9F009DD9AF /* Build configuration list for PBXProject "TaroterSDK" */ = {
			isa = XCConfigurationList;
			buildConfigurations = (
				1CF729AB29183FA0009DD9AF /* Debug */,
				1CF729AC29183FA0009DD9AF /* Release */,
			);
			defaultConfigurationIsVisible = 0;
			defaultConfigurationName = Release;
		};
		1CF729AD29183FA0009DD9AF /* Build configuration list for PBXNativeTarget "TaroterSDK" */ = {
			isa = XCConfigurationList;
			buildConfigurations = (
				1CF729AE29183FA0009DD9AF /* Debug */,
				1CF729AF29183FA0009DD9AF /* Release */,
			);
			defaultConfigurationIsVisible = 0;
			defaultConfigurationName = Release;
		};
		1CF729B029183FA0009DD9AF /* Build configuration list for PBXNativeTarget "TaroterSDKTests" */ = {
			isa = XCConfigurationList;
			buildConfigurations = (
				1CF729B129183FA0009DD9AF /* Debug */,
				1CF729B229183FA0009DD9AF /* Release */,
			);
			defaultConfigurationIsVisible = 0;
			defaultConfigurationName = Release;
		};
/* End XCConfigurationList section */
	};
	rootObject = 1CF7299029183F9F009DD9AF /* Project object */;
}
